
Microsoft Visual Studio Solution File, Format Version 12.00
# Visual Studio Version 17
VisualStudioVersion = 17.0.31903.59
MinimumVisualStudioVersion = 10.0.40219.1
Project("{FAE04EC0-301F-11D3-BF4B-00C04F79EFBC}") = "WebApplication1", "WebApplication1\WebApplication1.csproj", "{E73DF057-68D2-4C8A-9081-613A43400568}"
EndProject
Project("{9A19103F-16F7-4668-BE54-9A1E7A4F7556}") = "DAL.Abstractions", "DAL.Abstractions\DAL.Abstractions.csproj", "{BCE0790C-F3C5-4104-B969-EBDD94A3025B}"
EndProject
Project("{9A19103F-16F7-4668-BE54-9A1E7A4F7556}") = "DAL.Implementations", "DAL.Implementations\DAL.Implementations.csproj", "{12894435-59D4-4D7E-A09F-EA149FE738F2}"
EndProject
Project("{9A19103F-16F7-4668-BE54-9A1E7A4F7556}") = "Lib", "Lib\Lib.csproj", "{A6547491-DCB3-4D78-BC71-28BDB2DCC67D}"
EndProject
Project("{9A19103F-16F7-4668-BE54-9A1E7A4F7556}") = "Models", "Models\Models.csproj", "{6CF9F989-F921-4D6A-9B4B-B0180206D506}"
EndProject
Global
	GlobalSection(SolutionConfigurationPlatforms) = preSolution
		Debug|Any CPU = Debug|Any CPU
		Release|Any CPU = Release|Any CPU
	EndGlobalSection
	GlobalSection(ProjectConfigurationPlatforms) = postSolution
		{E73DF057-68D2-4C8A-9081-613A43400568}.Debug|Any CPU.ActiveCfg = Debug|Any CPU
		{E73DF057-68D2-4C8A-9081-613A43400568}.Debug|Any CPU.Build.0 = Debug|Any CPU
		{E73DF057-68D2-4C8A-9081-613A43400568}.Release|Any CPU.ActiveCfg = Release|Any CPU
		{E73DF057-68D2-4C8A-9081-613A43400568}.Release|Any CPU.Build.0 = Release|Any CPU
		{BCE0790C-F3C5-4104-B969-EBDD94A3025B}.Debug|Any CPU.ActiveCfg = Debug|Any CPU
		{BCE0790C-F3C5-4104-B969-EBDD94A3025B}.Debug|Any CPU.Build.0 = Debug|Any CPU
		{BCE0790C-F3C5-4104-B969-EBDD94A3025B}.Release|Any CPU.ActiveCfg = Release|Any CPU
		{BCE0790C-F3C5-4104-B969-EBDD94A3025B}.Release|Any CPU.Build.0 = Release|Any CPU
		{12894435-59D4-4D7E-A09F-EA149FE738F2}.Debug|Any CPU.ActiveCfg = Debug|Any CPU
		{12894435-59D4-4D7E-A09F-EA149FE738F2}.Debug|Any CPU.Build.0 = Debug|Any CPU
		{12894435-59D4-4D7E-A09F-EA149FE738F2}.Release|Any CPU.ActiveCfg = Release|Any CPU
		{12894435-59D4-4D7E-A09F-EA149FE738F2}.Release|Any CPU.Build.0 = Release|Any CPU
		{A6547491-DCB3-4D78-BC71-28BDB2DCC67D}.Debug|Any CPU.ActiveCfg = Debug|Any CPU
		{A6547491-DCB3-4D78-BC71-28BDB2DCC67D}.Debug|Any CPU.Build.0 = Debug|Any CPU
		{A6547491-DCB3-4D78-BC71-28BDB2DCC67D}.Release|Any CPU.ActiveCfg = Release|Any CPU
		{A6547491-DCB3-4D78-BC71-28BDB2DCC67D}.Release|Any CPU.Build.0 = Release|Any CPU
		{6CF9F989-F921-4D6A-9B4B-B0180206D506}.Debug|Any CPU.ActiveCfg = Debug|Any CPU
		{6CF9F989-F921-4D6A-9B4B-B0180206D506}.Debug|Any CPU.Build.0 = Debug|Any CPU
		{6CF9F989-F921-4D6A-9B4B-B0180206D506}.Release|Any CPU.ActiveCfg = Release|Any CPU
		{6CF9F989-F921-4D6A-9B4B-B0180206D506}.Release|Any CPU.Build.0 = Release|Any CPU
	EndGlobalSection
	GlobalSection(SolutionProperties) = preSolution
		HideSolutionNode = FALSE
	EndGlobalSection
	GlobalSection(ExtensibilityGlobals) = postSolution
		SolutionGuid = {F0A177A5-6DC0-4BE7-A40A-61BAEDCB68A0}
	EndGlobalSection
EndGlobal
